Microsoft Visual Studio Solution File, Format Version 12.00
# Visual Studio Version 17
VisualStudioVersion = 17.5.2.0
MinimumVisualStudioVersion = 10.0.40219.1
Project("{FAE04EC0-301F-11D3-BF4B-00C04F79EFBC}") = "lista01", "lista01.csproj", "{8C0ACFAA-55F6-061B-CAE7-1E8A49135A15}"
EndProject
Global
	GlobalSection(SolutionConfigurationPlatforms) = preSolution
		Debug|Any CPU = Debug|Any CPU
		Release|Any CPU = Release|Any CPU
	EndGlobalSection
	GlobalSection(ProjectConfigurationPlatforms) = postSolution
		{8C0ACFAA-55F6-061B-CAE7-1E8A49135A15}.Debug|Any CPU.ActiveCfg = Debug|Any CPU
		{8C0ACFAA-55F6-061B-CAE7-1E8A49135A15}.Debug|Any CPU.Build.0 = Debug|Any CPU
		{8C0ACFAA-55F6-061B-CAE7-1E8A49135A15}.Release|Any CPU.ActiveCfg = Release|Any CPU
		{8C0ACFAA-55F6-061B-CAE7-1E8A49135A15}.Release|Any CPU.Build.0 = Release|Any CPU
	EndGlobalSection
	GlobalSection(SolutionProperties) = preSolution
		HideSolutionNode = FALSE
	EndGlobalSection
	GlobalSection(ExtensibilityGlobals) = postSolution
		SolutionGuid = {8A074041-8DF4-4BAB-9E0D-FABFA68F891B}
	EndGlobalSection
EndGlobal
